
Microsoft Visual Studio Solution File, Format Version 12.00
# Visual Studio Version 16
VisualStudioVersion = 16.0.30523.141
MinimumVisualStudioVersion = 10.0.40219.1
Project("{9A19103F-16F7-4668-BE54-9A1E7A4F7556}") = "DelegatesLibarary", "DelegatesLibarary\DelegatesLibarary.csproj", "{9C7C2BD7-03F8-4D3C-BDFC-D2F3987A66C8}"
EndProject
Project("{9A19103F-16F7-4668-BE54-9A1E7A4F7556}") = "ConsoleApp", "ConsoleApp\ConsoleApp.csproj", "{6CB60A40-13D9-4311-BF27-1903A29C9A63}"
EndProject
Project("{9A19103F-16F7-4668-BE54-9A1E7A4F7556}") = "FiguresLibrary", "..\task4\FiguresLibrary\FiguresLibrary.csproj", "{A8C8D7AE-863B-4AA8-B5F8-B70B5B612626}"
EndProject
Global
	GlobalSection(SolutionConfigurationPlatforms) = preSolution
		Debug|Any CPU = Debug|Any CPU
		Release|Any CPU = Release|Any CPU
	EndGlobalSection
	GlobalSection(ProjectConfigurationPlatforms) = postSolution
		{9C7C2BD7-03F8-4D3C-BDFC-D2F3987A66C8}.Debug|Any CPU.ActiveCfg = Debug|Any CPU
		{9C7C2BD7-03F8-4D3C-BDFC-D2F3987A66C8}.Debug|Any CPU.Build.0 = Debug|Any CPU
		{9C7C2BD7-03F8-4D3C-BDFC-D2F3987A66C8}.Release|Any CPU.ActiveCfg = Release|Any CPU
		{9C7C2BD7-03F8-4D3C-BDFC-D2F3987A66C8}.Release|Any CPU.Build.0 = Release|Any CPU
		{6CB60A40-13D9-4311-BF27-1903A29C9A63}.Debug|Any CPU.ActiveCfg = Debug|Any CPU
		{6CB60A40-13D9-4311-BF27-1903A29C9A63}.Debug|Any CPU.Build.0 = Debug|Any CPU
		{6CB60A40-13D9-4311-BF27-1903A29C9A63}.Release|Any CPU.ActiveCfg = Release|Any CPU
		{6CB60A40-13D9-4311-BF27-1903A29C9A63}.Release|Any CPU.Build.0 = Release|Any CPU
		{A8C8D7AE-863B-4AA8-B5F8-B70B5B612626}.Debug|Any CPU.ActiveCfg = Debug|Any CPU
		{A8C8D7AE-863B-4AA8-B5F8-B70B5B612626}.Debug|Any CPU.Build.0 = Debug|Any CPU
		{A8C8D7AE-863B-4AA8-B5F8-B70B5B612626}.Release|Any CPU.ActiveCfg = Release|Any CPU
		{A8C8D7AE-863B-4AA8-B5F8-B70B5B612626}.Release|Any CPU.Build.0 = Release|Any CPU
	EndGlobalSection
	GlobalSection(SolutionProperties) = preSolution
		HideSolutionNode = FALSE
	EndGlobalSection
	GlobalSection(ExtensibilityGlobals) = postSolution
		SolutionGuid = {BD9ECBBE-8549-41B4-9A5A-8F728688C96F}
	EndGlobalSection
EndGlobal
